// !$*UTF8*$!
{
	archiveVersion = 1;
	classes = {
	};
	objectVersion = 56;
	objects = {

/* Begin PBXBuildFile section */
		3800AC2C2B6D590200114DC2 /* AbbVieProjectManagementAppApp.swift in Sources */ = {isa = PBXBuildFile; fileRef = 3800AC2B2B6D590200114DC2 /* AbbVieProjectManagementAppApp.swift */; };
		3800AC2E2B6D590200114DC2 /* ProjectListView.swift in Sources */ = {isa = PBXBuildFile; fileRef = 3800AC2D2B6D590200114DC2 /* ProjectListView.swift */; };
		3800AC302B6D590300114DC2 /* Assets.xcassets in Resources */ = {isa = PBXBuildFile; fileRef = 3800AC2F2B6D590300114DC2 /* Assets.xcassets */; };
		3800AC332B6D590300114DC2 /* Preview Assets.xcassets in Resources */ = {isa = PBXBuildFile; fileRef = 3800AC322B6D590300114DC2 /* Preview Assets.xcassets */; };
		3800AC3B2B6D598A00114DC2 /* AbbVieProjectManagementApp.xcdatamodeld in Sources */ = {isa = PBXBuildFile; fileRef = 3800AC392B6D598A00114DC2 /* AbbVieProjectManagementApp.xcdatamodeld */; };
		3800AC3D2B6D5A0E00114DC2 /* DataController.swift in Sources */ = {isa = PBXBuildFile; fileRef = 3800AC3C2B6D5A0E00114DC2 /* DataController.swift */; };
		3800AC3F2B6D5A2600114DC2 /* AddProjectView.swift in Sources */ = {isa = PBXBuildFile; fileRef = 3800AC3E2B6D5A2600114DC2 /* AddProjectView.swift */; };
		3800AC4C2B6D95FA00114DC2 /* Employee+CoreDataClass.swift in Sources */ = {isa = PBXBuildFile; fileRef = 3800AC482B6D95FA00114DC2 /* Employee+CoreDataClass.swift */; };
		3800AC4D2B6D95FA00114DC2 /* Employee+CoreDataProperties.swift in Sources */ = {isa = PBXBuildFile; fileRef = 3800AC492B6D95FA00114DC2 /* Employee+CoreDataProperties.swift */; };
		3800AC4E2B6D95FA00114DC2 /* Project+CoreDataClass.swift in Sources */ = {isa = PBXBuildFile; fileRef = 3800AC4A2B6D95FA00114DC2 /* Project+CoreDataClass.swift */; };
		3800AC4F2B6D95FA00114DC2 /* Project+CoreDataProperties.swift in Sources */ = {isa = PBXBuildFile; fileRef = 3800AC4B2B6D95FA00114DC2 /* Project+CoreDataProperties.swift */; };
		6A48A4B92B73326600BDB26C /* ProjectDetailsView.swift in Sources */ = {isa = PBXBuildFile; fileRef = 6A48A4B82B73326600BDB26C /* ProjectDetailsView.swift */; };
		6A48A4BF2B76D4FF00BDB26C /* AddEmployeeView.swift in Sources */ = {isa = PBXBuildFile; fileRef = 6A48A4BE2B76D4FF00BDB26C /* AddEmployeeView.swift */; };
		6A48A4C42B7D64C700BDB26C /* HomePageLinksView.swift in Sources */ = {isa = PBXBuildFile; fileRef = 6A48A4C32B7D64C700BDB26C /* HomePageLinksView.swift */; };
		6A8AF20C2B801AD100B5703C /* ProjectCardView.swift in Sources */ = {isa = PBXBuildFile; fileRef = 6A8AF20B2B801AD100B5703C /* ProjectCardView.swift */; };
		6A8AF20E2B801AE000B5703C /* ProjectTextBubbleView.swift in Sources */ = {isa = PBXBuildFile; fileRef = 6A8AF20D2B801AE000B5703C /* ProjectTextBubbleView.swift */; };
		6A8AF2102B83E29D00B5703C /* ProjectTextCardsView.swift in Sources */ = {isa = PBXBuildFile; fileRef = 6A8AF20F2B83E29D00B5703C /* ProjectTextCardsView.swift */; };
		6A8AF2122B84010B00B5703C /* CustomBackButton.swift in Sources */ = {isa = PBXBuildFile; fileRef = 6A8AF2112B84010B00B5703C /* CustomBackButton.swift */; };
		6A8AF2142B86AAA200B5703C /* ProfilePageView.swift in Sources */ = {isa = PBXBuildFile; fileRef = 6A8AF2132B86AAA200B5703C /* ProfilePageView.swift */; };
		6A8AF2192B8CFF1000B5703C /* LoginView.swift in Sources */ = {isa = PBXBuildFile; fileRef = 6A8AF2182B8CFF1000B5703C /* LoginView.swift */; };
		6A8AF21B2B8CFFBB00B5703C /* InputView.swift in Sources */ = {isa = PBXBuildFile; fileRef = 6A8AF21A2B8CFFBB00B5703C /* InputView.swift */; };
		D13ADC242B7C098800DD7721 /* EmployeeListView.swift in Sources */ = {isa = PBXBuildFile; fileRef = D13ADC232B7C098800DD7721 /* EmployeeListView.swift */; };
		D13ADC262B7C12DE00DD7721 /* EmployeeDetailsView.swift in Sources */ = {isa = PBXBuildFile; fileRef = D13ADC252B7C12DE00DD7721 /* EmployeeDetailsView.swift */; };
		D13ADC282B7FF9FF00DD7721 /* GenerateEmployeeView.swift in Sources */ = {isa = PBXBuildFile; fileRef = D13ADC272B7FF9FF00DD7721 /* GenerateEmployeeView.swift */; };
		D1AB9CBF2B70B86600EE33E6 /* HomePage.swift in Sources */ = {isa = PBXBuildFile; fileRef = D1AB9CBE2B70B86600EE33E6 /* HomePage.swift */; };
/* End PBXBuildFile section */

/* Begin PBXFileReference section */
		3800AC282B6D590200114DC2 /* AbbVieProjectManagementApp.app */ = {isa = PBXFileReference; explicitFileType = wrapper.application; includeInIndex = 0; path = AbbVieProjectManagementApp.app; sourceTree = BUILT_PRODUCTS_DIR; };
		3800AC2B2B6D590200114DC2 /* AbbVieProjectManagementAppApp.swift */ = {isa = PBXFileReference; lastKnownFileType = sourcecode.swift; path = AbbVieProjectManagementAppApp.swift; sourceTree = "<group>"; };
		3800AC2D2B6D590200114DC2 /* ProjectListView.swift */ = {isa = PBXFileReference; lastKnownFileType = sourcecode.swift; path = ProjectListView.swift; sourceTree = "<group>"; };
		3800AC2F2B6D590300114DC2 /* Assets.xcassets */ = {isa = PBXFileReference; lastKnownFileType = folder.assetcatalog; path = Assets.xcassets; sourceTree = "<group>"; };
		3800AC322B6D590300114DC2 /* Preview Assets.xcassets */ = {isa = PBXFileReference; lastKnownFileType = folder.assetcatalog; path = "Preview Assets.xcassets"; sourceTree = "<group>"; };
		3800AC3A2B6D598A00114DC2 /* AbbVieProjectManagementApp.xcdatamodel */ = {isa = PBXFileReference; lastKnownFileType = wrapper.xcdatamodel; path = AbbVieProjectManagementApp.xcdatamodel; sourceTree = "<group>"; };
		3800AC3C2B6D5A0E00114DC2 /* DataController.swift */ = {isa = PBXFileReference; lastKnownFileType = sourcecode.swift; path = DataController.swift; sourceTree = "<group>"; };
		3800AC3E2B6D5A2600114DC2 /* AddProjectView.swift */ = {isa = PBXFileReference; lastKnownFileType = sourcecode.swift; path = AddProjectView.swift; sourceTree = "<group>"; };
		3800AC482B6D95FA00114DC2 /* Employee+CoreDataClass.swift */ = {isa = PBXFileReference; lastKnownFileType = sourcecode.swift; path = "Employee+CoreDataClass.swift"; sourceTree = SOURCE_ROOT; };
		3800AC492B6D95FA00114DC2 /* Employee+CoreDataProperties.swift */ = {isa = PBXFileReference; lastKnownFileType = sourcecode.swift; path = "Employee+CoreDataProperties.swift"; sourceTree = SOURCE_ROOT; };
		3800AC4A2B6D95FA00114DC2 /* Project+CoreDataClass.swift */ = {isa = PBXFileReference; lastKnownFileType = sourcecode.swift; path = "Project+CoreDataClass.swift"; sourceTree = SOURCE_ROOT; };
		3800AC4B2B6D95FA00114DC2 /* Project+CoreDataProperties.swift */ = {isa = PBXFileReference; lastKnownFileType = sourcecode.swift; path = "Project+CoreDataProperties.swift"; sourceTree = SOURCE_ROOT; };
		6A48A4B82B73326600BDB26C /* ProjectDetailsView.swift */ = {isa = PBXFileReference; lastKnownFileType = sourcecode.swift; path = ProjectDetailsView.swift; sourceTree = "<group>"; };
		6A48A4BE2B76D4FF00BDB26C /* AddEmployeeView.swift */ = {isa = PBXFileReference; lastKnownFileType = sourcecode.swift; path = AddEmployeeView.swift; sourceTree = "<group>"; };
		6A48A4C32B7D64C700BDB26C /* HomePageLinksView.swift */ = {isa = PBXFileReference; lastKnownFileType = sourcecode.swift; path = HomePageLinksView.swift; sourceTree = "<group>"; };
		6A8AF20B2B801AD100B5703C /* ProjectCardView.swift */ = {isa = PBXFileReference; lastKnownFileType = sourcecode.swift; path = ProjectCardView.swift; sourceTree = "<group>"; };
		6A8AF20D2B801AE000B5703C /* ProjectTextBubbleView.swift */ = {isa = PBXFileReference; lastKnownFileType = sourcecode.swift; path = ProjectTextBubbleView.swift; sourceTree = "<group>"; };
		6A8AF20F2B83E29D00B5703C /* ProjectTextCardsView.swift */ = {isa = PBXFileReference; fileEncoding = 4; lastKnownFileType = sourcecode.swift; name = ProjectTextCardsView.swift; path = ../../../../../../.Trash/ProjectTextCardsView.swift; sourceTree = "<group>"; };
		6A8AF2112B84010B00B5703C /* CustomBackButton.swift */ = {isa = PBXFileReference; lastKnownFileType = sourcecode.swift; path = CustomBackButton.swift; sourceTree = "<group>"; };
		6A8AF2132B86AAA200B5703C /* ProfilePageView.swift */ = {isa = PBXFileReference; lastKnownFileType = sourcecode.swift; path = ProfilePageView.swift; sourceTree = "<group>"; };
		6A8AF2182B8CFF1000B5703C /* LoginView.swift */ = {isa = PBXFileReference; lastKnownFileType = sourcecode.swift; path = LoginView.swift; sourceTree = "<group>"; };
		6A8AF21A2B8CFFBB00B5703C /* InputView.swift */ = {isa = PBXFileReference; lastKnownFileType = sourcecode.swift; path = InputView.swift; sourceTree = "<group>"; };
		D13ADC232B7C098800DD7721 /* EmployeeListView.swift */ = {isa = PBXFileReference; lastKnownFileType = sourcecode.swift; path = EmployeeListView.swift; sourceTree = "<group>"; };
		D13ADC252B7C12DE00DD7721 /* EmployeeDetailsView.swift */ = {isa = PBXFileReference; lastKnownFileType = sourcecode.swift; path = EmployeeDetailsView.swift; sourceTree = "<group>"; };
		D13ADC272B7FF9FF00DD7721 /* GenerateEmployeeView.swift */ = {isa = PBXFileReference; lastKnownFileType = sourcecode.swift; path = GenerateEmployeeView.swift; sourceTree = "<group>"; };
		D1AB9CBE2B70B86600EE33E6 /* HomePage.swift */ = {isa = PBXFileReference; lastKnownFileType = sourcecode.swift; path = HomePage.swift; sourceTree = "<group>"; };
/* End PBXFileReference section */

/* Begin PBXFrameworksBuildPhase section */
		3800AC252B6D590200114DC2 /* Frameworks */ = {
			isa = PBXFrameworksBuildPhase;
			buildActionMask = 2147483647;
			files = (
			);
			runOnlyForDeploymentPostprocessing = 0;
		};
/* End PBXFrameworksBuildPhase section */

/* Begin PBXGroup section */
		3800AC1F2B6D590200114DC2 = {
			isa = PBXGroup;
			children = (
				3800AC2A2B6D590200114DC2 /* AbbVieProjectManagementApp */,
				3800AC292B6D590200114DC2 /* Products */,
			);
			sourceTree = "<group>";
		};
		3800AC292B6D590200114DC2 /* Products */ = {
			isa = PBXGroup;
			children = (
				3800AC282B6D590200114DC2 /* AbbVieProjectManagementApp.app */,
			);
			name = Products;
			sourceTree = "<group>";
		};
		3800AC2A2B6D590200114DC2 /* AbbVieProjectManagementApp */ = {
			isa = PBXGroup;
			children = (
				3800AC2B2B6D590200114DC2 /* AbbVieProjectManagementAppApp.swift */,
				6A8AF2172B8CFEE000B5703C /* Login */,
				D1AB9CBE2B70B86600EE33E6 /* HomePage.swift */,
				3800AC2D2B6D590200114DC2 /* ProjectListView.swift */,
				D13ADC232B7C098800DD7721 /* EmployeeListView.swift */,
				6A48A4B82B73326600BDB26C /* ProjectDetailsView.swift */,
				D13ADC252B7C12DE00DD7721 /* EmployeeDetailsView.swift */,
				3800AC3E2B6D5A2600114DC2 /* AddProjectView.swift */,
				D13ADC272B7FF9FF00DD7721 /* GenerateEmployeeView.swift */,
				6A48A4BE2B76D4FF00BDB26C /* AddEmployeeView.swift */,
				6A534DC72B92582600699F9D /* Profiles */,
				6A8AF20A2B801A9300B5703C /* ProjectCards */,
				6A48A4C22B7D645900BDB26C /* stylings */,
				3800AC392B6D598A00114DC2 /* AbbVieProjectManagementApp.xcdatamodeld */,
				3800AC3C2B6D5A0E00114DC2 /* DataController.swift */,
				3800AC4A2B6D95FA00114DC2 /* Project+CoreDataClass.swift */,
				3800AC4B2B6D95FA00114DC2 /* Project+CoreDataProperties.swift */,
				3800AC482B6D95FA00114DC2 /* Employee+CoreDataClass.swift */,
				3800AC492B6D95FA00114DC2 /* Employee+CoreDataProperties.swift */,
				3800AC2F2B6D590300114DC2 /* Assets.xcassets */,
				3800AC312B6D590300114DC2 /* Preview Content */,
			);
			path = AbbVieProjectManagementApp;
			sourceTree = "<group>";
		};
		3800AC312B6D590300114DC2 /* Preview Content */ = {
			isa = PBXGroup;
			children = (
				3800AC322B6D590300114DC2 /* Preview Assets.xcassets */,
			);
			path = "Preview Content";
			sourceTree = "<group>";
		};
		6A48A4C22B7D645900BDB26C /* stylings */ = {
			isa = PBXGroup;
			children = (
				6A8AF20F2B83E29D00B5703C /* ProjectTextCardsView.swift */,
				6A48A4C32B7D64C700BDB26C /* HomePageLinksView.swift */,
				6A8AF2112B84010B00B5703C /* CustomBackButton.swift */,
			);
			path = stylings;
			sourceTree = "<group>";
		};
		6A534DC72B92582600699F9D /* Profiles */ = {
			isa = PBXGroup;
			children = (
				6A8AF2132B86AAA200B5703C /* ProfilePageView.swift */,
			);
			path = Profiles;
			sourceTree = "<group>";
		};
		6A8AF20A2B801A9300B5703C /* ProjectCards */ = {
			isa = PBXGroup;
			children = (
				6A8AF20B2B801AD100B5703C /* ProjectCardView.swift */,
				6A8AF20D2B801AE000B5703C /* ProjectTextBubbleView.swift */,
			);
			path = ProjectCards;
			sourceTree = "<group>";
		};
		6A8AF2172B8CFEE000B5703C /* Login */ = {
			isa = PBXGroup;
			children = (
				6A8AF2182B8CFF1000B5703C /* LoginView.swift */,
				6A8AF21A2B8CFFBB00B5703C /* InputView.swift */,
			);
			path = Login;
			sourceTree = "<group>";
		};
/* End PBXGroup section */

/* Begin PBXNativeTarget section */
		3800AC272B6D590200114DC2 /* AbbVieProjectManagementApp */ = {
			isa = PBXNativeTarget;
			buildConfigurationList = 3800AC362B6D590300114DC2 /* Build configuration list for PBXNativeTarget "AbbVieProjectManagementApp" */;
			buildPhases = (
				3800AC242B6D590200114DC2 /* Sources */,
				3800AC252B6D590200114DC2 /* Frameworks */,
				3800AC262B6D590200114DC2 /* Resources */,
			);
			buildRules = (
			);
			dependencies = (
			);
			name = AbbVieProjectManagementApp;
			productName = AbbVieProjectManagementApp;
			productReference = 3800AC282B6D590200114DC2 /* AbbVieProjectManagementApp.app */;
			productType = "com.apple.product-type.application";
		};
/* End PBXNativeTarget section */

/* Begin PBXProject section */
		3800AC202B6D590200114DC2 /* Project object */ = {
			isa = PBXProject;
			attributes = {
				BuildIndependentTargetsInParallel = 1;
				LastSwiftUpdateCheck = 1510;
				LastUpgradeCheck = 1510;
				TargetAttributes = {
					3800AC272B6D590200114DC2 = {
						CreatedOnToolsVersion = 15.1;
					};
				};
			};
			buildConfigurationList = 3800AC232B6D590200114DC2 /* Build configuration list for PBXProject "AbbVieProjectManagementApp" */;
			compatibilityVersion = "Xcode 14.0";
			developmentRegion = en;
			hasScannedForEncodings = 0;
			knownRegions = (
				en,
				Base,
			);
			mainGroup = 3800AC1F2B6D590200114DC2;
			productRefGroup = 3800AC292B6D590200114DC2 /* Products */;
			projectDirPath = "";
			projectRoot = "";
			targets = (
				3800AC272B6D590200114DC2 /* AbbVieProjectManagementApp */,
			);
		};
/* End PBXProject section */

/* Begin PBXResourcesBuildPhase section */
		3800AC262B6D590200114DC2 /* Resources */ = {
			isa = PBXResourcesBuildPhase;
			buildActionMask = 2147483647;
			files = (
				3800AC332B6D590300114DC2 /* Preview Assets.xcassets in Resources */,
				3800AC302B6D590300114DC2 /* Assets.xcassets in Resources */,
			);
			runOnlyForDeploymentPostprocessing = 0;
		};
/* End PBXResourcesBuildPhase section */

/* Begin PBXSourcesBuildPhase section */
		3800AC242B6D590200114DC2 /* Sources */ = {
			isa = PBXSourcesBuildPhase;
			buildActionMask = 2147483647;
			files = (
				3800AC3F2B6D5A2600114DC2 /* AddProjectView.swift in Sources */,
				6A8AF2122B84010B00B5703C /* CustomBackButton.swift in Sources */,
				D13ADC282B7FF9FF00DD7721 /* GenerateEmployeeView.swift in Sources */,
				6A8AF21B2B8CFFBB00B5703C /* InputView.swift in Sources */,
				D13ADC242B7C098800DD7721 /* EmployeeListView.swift in Sources */,
				D1AB9CBF2B70B86600EE33E6 /* HomePage.swift in Sources */,
				3800AC4E2B6D95FA00114DC2 /* Project+CoreDataClass.swift in Sources */,
				3800AC4C2B6D95FA00114DC2 /* Employee+CoreDataClass.swift in Sources */,
				3800AC2E2B6D590200114DC2 /* ProjectListView.swift in Sources */,
				6A8AF2192B8CFF1000B5703C /* LoginView.swift in Sources */,
				3800AC3D2B6D5A0E00114DC2 /* DataController.swift in Sources */,
				D13ADC262B7C12DE00DD7721 /* EmployeeDetailsView.swift in Sources */,
				3800AC2C2B6D590200114DC2 /* AbbVieProjectManagementAppApp.swift in Sources */,
				3800AC3B2B6D598A00114DC2 /* AbbVieProjectManagementApp.xcdatamodeld in Sources */,
				6A48A4BF2B76D4FF00BDB26C /* AddEmployeeView.swift in Sources */,
				6A8AF2142B86AAA200B5703C /* ProfilePageView.swift in Sources */,
				3800AC4F2B6D95FA00114DC2 /* Project+CoreDataProperties.swift in Sources */,
				6A48A4C42B7D64C700BDB26C /* HomePageLinksView.swift in Sources */,
				3800AC4D2B6D95FA00114DC2 /* Employee+CoreDataProperties.swift in Sources */,
				6A8AF2102B83E29D00B5703C /* ProjectTextCardsView.swift in Sources */,
				6A8AF20E2B801AE000B5703C /* ProjectTextBubbleView.swift in Sources */,
				6A48A4B92B73326600BDB26C /* ProjectDetailsView.swift in Sources */,
				6A8AF20C2B801AD100B5703C /* ProjectCardView.swift in Sources */,
			);
			runOnlyForDeploymentPostprocessing = 0;
		};
/* End PBXSourcesBuildPhase section */

/* Begin XCBuildConfiguration section */
		3800AC342B6D590300114DC2 /* Debug */ = {
			isa = XCBuildConfiguration;
			buildSettings = {
				ALWAYS_SEARCH_USER_PATHS = NO;
				ASSETCATALOG_COMPILER_GENERATE_SWIFT_ASSET_SYMBOL_EXTENSIONS = YES;
				CLANG_ANALYZER_NONNULL = YES;
				CLANG_ANALYZER_NUMBER_OBJECT_CONVERSION = YES_AGGRESSIVE;
				CLANG_CXX_LANGUAGE_STANDARD = "gnu++20";
				CLANG_ENABLE_MODULES = YES;
				CLANG_ENABLE_OBJC_ARC = YES;
				CLANG_ENABLE_OBJC_WEAK = YES;
				CLANG_WARN_BLOCK_CAPTURE_AUTORELEASING = YES;
				CLANG_WARN_BOOL_CONVERSION = YES;
				CLANG_WARN_COMMA = YES;
				CLANG_WARN_CONSTANT_CONVERSION = YES;
				CLANG_WARN_DEPRECATED_OBJC_IMPLEMENTATIONS = YES;
				CLANG_WARN_DIRECT_OBJC_ISA_USAGE = YES_ERROR;
				CLANG_WARN_DOCUMENTATION_COMMENTS = YES;
				CLANG_WARN_EMPTY_BODY = YES;
				CLANG_WARN_ENUM_CONVERSION = YES;
				CLANG_WARN_INFINITE_RECURSION = YES;
				CLANG_WARN_INT_CONVERSION = YES;
				CLANG_WARN_NON_LITERAL_NULL_CONVERSION = YES;
				CLANG_WARN_OBJC_IMPLICIT_RETAIN_SELF = YES;
				CLANG_WARN_OBJC_LITERAL_CONVERSION = YES;
				CLANG_WARN_OBJC_ROOT_CLASS = YES_ERROR;
				CLANG_WARN_QUOTED_INCLUDE_IN_FRAMEWORK_HEADER = YES;
				CLANG_WARN_RANGE_LOOP_ANALYSIS = YES;
				CLANG_WARN_STRICT_PROTOTYPES = YES;
				CLANG_WARN_SUSPICIOUS_MOVE = YES;
				CLANG_WARN_UNGUARDED_AVAILABILITY = YES_AGGRESSIVE;
				CLANG_WARN_UNREACHABLE_CODE = YES;
				CLANG_WARN__DUPLICATE_METHOD_MATCH = YES;
				COPY_PHASE_STRIP = NO;
				DEBUG_INFORMATION_FORMAT = dwarf;
				ENABLE_STRICT_OBJC_MSGSEND = YES;
				ENABLE_TESTABILITY = YES;
				ENABLE_USER_SCRIPT_SANDBOXING = YES;
				GCC_C_LANGUAGE_STANDARD = gnu17;
				GCC_DYNAMIC_NO_PIC = NO;
				GCC_NO_COMMON_BLOCKS = YES;
				GCC_OPTIMIZATION_LEVEL = 0;
				GCC_PREPROCESSOR_DEFINITIONS = (
					"DEBUG=1",
					"$(inherited)",
				);
				GCC_WARN_64_TO_32_BIT_CONVERSION = YES;
				GCC_WARN_ABOUT_RETURN_TYPE = YES_ERROR;
				GCC_WARN_UNDECLARED_SELECTOR = YES;
				GCC_WARN_UNINITIALIZED_AUTOS = YES_AGGRESSIVE;
				GCC_WARN_UNUSED_FUNCTION = YES;
				GCC_WARN_UNUSED_VARIABLE = YES;
				IPHONEOS_DEPLOYMENT_TARGET = 17.2;
				LOCALIZATION_PREFERS_STRING_CATALOGS = YES;
				MTL_ENABLE_DEBUG_INFO = INCLUDE_SOURCE;
				MTL_FAST_MATH = YES;
				ONLY_ACTIVE_ARCH = YES;
				SDKROOT = iphoneos;
				SWIFT_ACTIVE_COMPILATION_CONDITIONS = "DEBUG $(inherited)";
				SWIFT_OPTIMIZATION_LEVEL = "-Onone";
			};
			name = Debug;
		};
		3800AC352B6D590300114DC2 /* Release */ = {
			isa = XCBuildConfiguration;
			buildSettings = {
				ALWAYS_SEARCH_USER_PATHS = NO;
				ASSETCATALOG_COMPILER_GENERATE_SWIFT_ASSET_SYMBOL_EXTENSIONS = YES;
				CLANG_ANALYZER_NONNULL = YES;
				CLANG_ANALYZER_NUMBER_OBJECT_CONVERSION = YES_AGGRESSIVE;
				CLANG_CXX_LANGUAGE_STANDARD = "gnu++20";
				CLANG_ENABLE_MODULES = YES;
				CLANG_ENABLE_OBJC_ARC = YES;
				CLANG_ENABLE_OBJC_WEAK = YES;
				CLANG_WARN_BLOCK_CAPTURE_AUTORELEASING = YES;
				CLANG_WARN_BOOL_CONVERSION = YES;
				CLANG_WARN_COMMA = YES;
				CLANG_WARN_CONSTANT_CONVERSION = YES;
				CLANG_WARN_DEPRECATED_OBJC_IMPLEMENTATIONS = YES;
				CLANG_WARN_DIRECT_OBJC_ISA_USAGE = YES_ERROR;
				CLANG_WARN_DOCUMENTATION_COMMENTS = YES;
				CLANG_WARN_EMPTY_BODY = YES;
				CLANG_WARN_ENUM_CONVERSION = YES;
				CLANG_WARN_INFINITE_RECURSION = YES;
				CLANG_WARN_INT_CONVERSION = YES;
				CLANG_WARN_NON_LITERAL_NULL_CONVERSION = YES;
				CLANG_WARN_OBJC_IMPLICIT_RETAIN_SELF = YES;
				CLANG_WARN_OBJC_LITERAL_CONVERSION = YES;
				CLANG_WARN_OBJC_ROOT_CLASS = YES_ERROR;
				CLANG_WARN_QUOTED_INCLUDE_IN_FRAMEWORK_HEADER = YES;
				CLANG_WARN_RANGE_LOOP_ANALYSIS = YES;
				CLANG_WARN_STRICT_PROTOTYPES = YES;
				CLANG_WARN_SUSPICIOUS_MOVE = YES;
				CLANG_WARN_UNGUARDED_AVAILABILITY = YES_AGGRESSIVE;
				CLANG_WARN_UNREACHABLE_CODE = YES;
				CLANG_WARN__DUPLICATE_METHOD_MATCH = YES;
				COPY_PHASE_STRIP = NO;
				DEBUG_INFORMATION_FORMAT = "dwarf-with-dsym";
				ENABLE_NS_ASSERTIONS = NO;
				ENABLE_STRICT_OBJC_MSGSEND = YES;
				ENABLE_USER_SCRIPT_SANDBOXING = YES;
				GCC_C_LANGUAGE_STANDARD = gnu17;
				GCC_NO_COMMON_BLOCKS = YES;
				GCC_WARN_64_TO_32_BIT_CONVERSION = YES;
				GCC_WARN_ABOUT_RETURN_TYPE = YES_ERROR;
				GCC_WARN_UNDECLARED_SELECTOR = YES;
				GCC_WARN_UNINITIALIZED_AUTOS = YES_AGGRESSIVE;
				GCC_WARN_UNUSED_FUNCTION = YES;
				GCC_WARN_UNUSED_VARIABLE = YES;
				IPHONEOS_DEPLOYMENT_TARGET = 17.2;
				LOCALIZATION_PREFERS_STRING_CATALOGS = YES;
				MTL_ENABLE_DEBUG_INFO = NO;
				MTL_FAST_MATH = YES;
				SDKROOT = iphoneos;
				SWIFT_COMPILATION_MODE = wholemodule;
				VALIDATE_PRODUCT = YES;
			};
			name = Release;
		};
		3800AC372B6D590300114DC2 /* Debug */ = {
			isa = XCBuildConfiguration;
			buildSettings = {
				ASSETCATALOG_COMPILER_APPICON_NAME = AppIcon;
				ASSETCATALOG_COMPILER_GLOBAL_ACCENT_COLOR_NAME = AccentColor;
				CODE_SIGN_STYLE = Automatic;
				CURRENT_PROJECT_VERSION = 1;
				DEVELOPMENT_ASSET_PATHS = "\"AbbVieProjectManagementApp/Preview Content\"";
				ENABLE_PREVIEWS = YES;
				GENERATE_INFOPLIST_FILE = YES;
				INFOPLIST_KEY_UIApplicationSceneManifest_Generation = YES;
				INFOPLIST_KEY_UIApplicationSupportsIndirectInputEvents = YES;
				INFOPLIST_KEY_UILaunchScreen_Generation = YES;
				INFOPLIST_KEY_UISupportedInterfaceOrientations_iPad = "UIInterfaceOrientationPortrait UIInterfaceOrientationPortraitUpsideDown UIInterfaceOrientationLandscapeLeft UIInterfaceOrientationLandscapeRight";
				INFOPLIST_KEY_UISupportedInterfaceOrientations_iPhone = "UIInterfaceOrientationPortrait UIInterfaceOrientationLandscapeLeft UIInterfaceOrientationLandscapeRight";
				LD_RUNPATH_SEARCH_PATHS = (
					"$(inherited)",
					"@executable_path/Frameworks",
				);
				MARKETING_VERSION = 1.0;
				PRODUCT_BUNDLE_IDENTIFIER = com.alfredo.AbbVieProjectManagementApp;
				PRODUCT_NAME = "$(TARGET_NAME)";
				SWIFT_EMIT_LOC_STRINGS = YES;
				SWIFT_VERSION = 5.0;
				TARGETED_DEVICE_FAMILY = "1,2";
			};
			name = Debug;
		};
		3800AC382B6D590300114DC2 /* Release */ = {
			isa = XCBuildConfiguration;
			buildSettings = {
				ASSETCATALOG_COMPILER_APPICON_NAME = AppIcon;
				ASSETCATALOG_COMPILER_GLOBAL_ACCENT_COLOR_NAME = AccentColor;
				CODE_SIGN_STYLE = Automatic;
				CURRENT_PROJECT_VERSION = 1;
				DEVELOPMENT_ASSET_PATHS = "\"AbbVieProjectManagementApp/Preview Content\"";
				ENABLE_PREVIEWS = YES;
				GENERATE_INFOPLIST_FILE = YES;
				INFOPLIST_KEY_UIApplicationSceneManifest_Generation = YES;
				INFOPLIST_KEY_UIApplicationSupportsIndirectInputEvents = YES;
				INFOPLIST_KEY_UILaunchScreen_Generation = YES;
				INFOPLIST_KEY_UISupportedInterfaceOrientations_iPad = "UIInterfaceOrientationPortrait UIInterfaceOrientationPortraitUpsideDown UIInterfaceOrientationLandscapeLeft UIInterfaceOrientationLandscapeRight";
				INFOPLIST_KEY_UISupportedInterfaceOrientations_iPhone = "UIInterfaceOrientationPortrait UIInterfaceOrientationLandscapeLeft UIInterfaceOrientationLandscapeRight";
				LD_RUNPATH_SEARCH_PATHS = (
					"$(inherited)",
					"@executable_path/Frameworks",
				);
				MARKETING_VERSION = 1.0;
				PRODUCT_BUNDLE_IDENTIFIER = com.alfredo.AbbVieProjectManagementApp;
				PRODUCT_NAME = "$(TARGET_NAME)";
				SWIFT_EMIT_LOC_STRINGS = YES;
				SWIFT_VERSION = 5.0;
				TARGETED_DEVICE_FAMILY = "1,2";
			};
			name = Release;
		};
/* End XCBuildConfiguration section */

/* Begin XCConfigurationList section */
		3800AC232B6D590200114DC2 /* Build configuration list for PBXProject "AbbVieProjectManagementApp" */ = {
			isa = XCConfigurationList;
			buildConfigurations = (
				3800AC342B6D590300114DC2 /* Debug */,
				3800AC352B6D590300114DC2 /* Release */,
			);
			defaultConfigurationIsVisible = 0;
			defaultConfigurationName = Release;
		};
		3800AC362B6D590300114DC2 /* Build configuration list for PBXNativeTarget "AbbVieProjectManagementApp" */ = {
			isa = XCConfigurationList;
			buildConfigurations = (
				3800AC372B6D590300114DC2 /* Debug */,
				3800AC382B6D590300114DC2 /* Release */,
			);
			defaultConfigurationIsVisible = 0;
			defaultConfigurationName = Release;
		};
/* End XCConfigurationList section */

/* Begin XCVersionGroup section */
		3800AC392B6D598A00114DC2 /* AbbVieProjectManagementApp.xcdatamodeld */ = {
			isa = XCVersionGroup;
			children = (
				3800AC3A2B6D598A00114DC2 /* AbbVieProjectManagementApp.xcdatamodel */,
			);
			currentVersion = 3800AC3A2B6D598A00114DC2 /* AbbVieProjectManagementApp.xcdatamodel */;
			path = AbbVieProjectManagementApp.xcdatamodeld;
			sourceTree = "<group>";
			versionGroupType = wrapper.xcdatamodel;
		};
/* End XCVersionGroup section */
	};
	rootObject = 3800AC202B6D590200114DC2 /* Project object */;
}
